
Microsoft Visual Studio Solution File, Format Version 12.00
# Visual Studio 14
VisualStudioVersion = 14.0.25420.1
MinimumVisualStudioVersion = 10.0.40219.1
Project("{F184B08F-C81C-45F6-A57F-5ABD9991F28F}") = "Ingrid", "Ingrid.vbproj", "{DEEA16DD-80E1-4BA5-8127-03C0C4C1DF38}"
	ProjectSection(ProjectDependencies) = postProject
		{40FB4E99-9A7F-44B9-868F-A9F8D1FCCFEA} = {40FB4E99-9A7F-44B9-868F-A9F8D1FCCFEA}
		{B4CB63B0-C6A8-415B-9D99-C212BEDFA4A1} = {B4CB63B0-C6A8-415B-9D99-C212BEDFA4A1}
	EndProjectSection
EndProject
Project("{F184B08F-C81C-45F6-A57F-5ABD9991F28F}") = "AKLib", "..\..\Components\AKLib\AKLib.vbproj", "{1FE0EFB0-A853-42E5-A130-A5075401E4BE}"
EndProject
Project("{F184B08F-C81C-45F6-A57F-5ABD9991F28F}") = "AppUpdater", "..\..\Components\AppUpdater\AppUpdater.vbproj", "{08559CB9-A5D5-4EB7-928C-44AD8B9F9034}"
EndProject
Project("{F184B08F-C81C-45F6-A57F-5ABD9991F28F}") = "LibSQL", "..\..\Components\LibSQL\LibSQL.vbproj", "{9A25DFD1-063A-4D34-A7F1-6B9FC68E257A}"
EndProject
Project("{FAE04EC0-301F-11D3-BF4B-00C04F79EFBC}") = "CMCc", "..\..\..\..\CMC\CMC\CMCc\CMCc.csproj", "{40FB4E99-9A7F-44B9-868F-A9F8D1FCCFEA}"
EndProject
Project("{F184B08F-C81C-45F6-A57F-5ABD9991F28F}") = "CMCv", "..\..\..\..\CMC\CMC\CMCv\CMCv.vbproj", "{B4CB63B0-C6A8-415B-9D99-C212BEDFA4A1}"
EndProject
Project("{F184B08F-C81C-45F6-A57F-5ABD9991F28F}") = "Connect", "..\..\..\..\Connect\Apps\Connect\Connect\Connect.vbproj", "{76294F28-A17D-486B-879F-A066E405F963}"
EndProject
Project("{840C416C-B8F3-42BC-B0DD-F6BB14C9F8CB}") = "Ingrid Setup 2.10", "..\..\Setup\Ingrid Setup 2.x\Ingrid Setup 2.x\Ingrid Setup 2.10.aiproj", "{775A7581-786B-4B5B-B83E-2BBB3E83C606}"
EndProject
Global
	GlobalSection(SolutionConfigurationPlatforms) = preSolution
		All|Any CPU = All|Any CPU
		All|Itanium = All|Itanium
		All|Mixed Platforms = All|Mixed Platforms
		All|x64 = All|x64
		All|x86 = All|x86
		Debug|Any CPU = Debug|Any CPU
		Debug|Itanium = Debug|Itanium
		Debug|Mixed Platforms = Debug|Mixed Platforms
		Debug|x64 = Debug|x64
		Debug|x86 = Debug|x86
		DefaultBuild|Any CPU = DefaultBuild|Any CPU
		DefaultBuild|Itanium = DefaultBuild|Itanium
		DefaultBuild|Mixed Platforms = DefaultBuild|Mixed Platforms
		DefaultBuild|x64 = DefaultBuild|x64
		DefaultBuild|x86 = DefaultBuild|x86
		Release|Any CPU = Release|Any CPU
		Release|Itanium = Release|Itanium
		Release|Mixed Platforms = Release|Mixed Platforms
		Release|x64 = Release|x64
		Release|x86 = Release|x86
	EndGlobalSection
	GlobalSection(ProjectConfigurationPlatforms) = postSolution
		{DEEA16DD-80E1-4BA5-8127-03C0C4C1DF38}.All|Any CPU.ActiveCfg = Release|Any CPU
		{DEEA16DD-80E1-4BA5-8127-03C0C4C1DF38}.All|Any CPU.Build.0 = Release|Any CPU
		{DEEA16DD-80E1-4BA5-8127-03C0C4C1DF38}.All|Itanium.ActiveCfg = Release|Any CPU
		{DEEA16DD-80E1-4BA5-8127-03C0C4C1DF38}.All|Itanium.Build.0 = Release|Any CPU
		{DEEA16DD-80E1-4BA5-8127-03C0C4C1DF38}.All|Mixed Platforms.ActiveCfg = Release|x86
		{DEEA16DD-80E1-4BA5-8127-03C0C4C1DF38}.All|Mixed Platforms.Build.0 = Release|x86
		{DEEA16DD-80E1-4BA5-8127-03C0C4C1DF38}.All|x64.ActiveCfg = Release|x64
		{DEEA16DD-80E1-4BA5-8127-03C0C4C1DF38}.All|x64.Build.0 = Release|x64
		{DEEA16DD-80E1-4BA5-8127-03C0C4C1DF38}.All|x86.ActiveCfg = Release|x86
		{DEEA16DD-80E1-4BA5-8127-03C0C4C1DF38}.All|x86.Build.0 = Release|x86
		{DEEA16DD-80E1-4BA5-8127-03C0C4C1DF38}.Debug|Any CPU.ActiveCfg = Debug|x86
		{DEEA16DD-80E1-4BA5-8127-03C0C4C1DF38}.Debug|Any CPU.Build.0 = Debug|x86
		{DEEA16DD-80E1-4BA5-8127-03C0C4C1DF38}.Debug|Itanium.ActiveCfg = Debug|Any CPU
		{DEEA16DD-80E1-4BA5-8127-03C0C4C1DF38}.Debug|Mixed Platforms.ActiveCfg = Debug|x86
		{DEEA16DD-80E1-4BA5-8127-03C0C4C1DF38}.Debug|Mixed Platforms.Build.0 = Debug|x86
		{DEEA16DD-80E1-4BA5-8127-03C0C4C1DF38}.Debug|x64.ActiveCfg = Debug|Any CPU
		{DEEA16DD-80E1-4BA5-8127-03C0C4C1DF38}.Debug|x86.ActiveCfg = Debug|x86
		{DEEA16DD-80E1-4BA5-8127-03C0C4C1DF38}.Debug|x86.Build.0 = Debug|x86
		{DEEA16DD-80E1-4BA5-8127-03C0C4C1DF38}.DefaultBuild|Any CPU.ActiveCfg = Debug|Any CPU
		{DEEA16DD-80E1-4BA5-8127-03C0C4C1DF38}.DefaultBuild|Any CPU.Build.0 = Debug|Any CPU
		{DEEA16DD-80E1-4BA5-8127-03C0C4C1DF38}.DefaultBuild|Itanium.ActiveCfg = Debug|Any CPU
		{DEEA16DD-80E1-4BA5-8127-03C0C4C1DF38}.DefaultBuild|Itanium.Build.0 = Debug|Any CPU
		{DEEA16DD-80E1-4BA5-8127-03C0C4C1DF38}.DefaultBuild|Mixed Platforms.ActiveCfg = Debug|x86
		{DEEA16DD-80E1-4BA5-8127-03C0C4C1DF38}.DefaultBuild|Mixed Platforms.Build.0 = Debug|x86
		{DEEA16DD-80E1-4BA5-8127-03C0C4C1DF38}.DefaultBuild|x64.ActiveCfg = Debug|x64
		{DEEA16DD-80E1-4BA5-8127-03C0C4C1DF38}.DefaultBuild|x64.Build.0 = Debug|x64
		{DEEA16DD-80E1-4BA5-8127-03C0C4C1DF38}.DefaultBuild|x86.ActiveCfg = Debug|x86
		{DEEA16DD-80E1-4BA5-8127-03C0C4C1DF38}.DefaultBuild|x86.Build.0 = Debug|x86
		{DEEA16DD-80E1-4BA5-8127-03C0C4C1DF38}.Release|Any CPU.ActiveCfg = Release|Any CPU
		{DEEA16DD-80E1-4BA5-8127-03C0C4C1DF38}.Release|Any CPU.Build.0 = Release|Any CPU
		{DEEA16DD-80E1-4BA5-8127-03C0C4C1DF38}.Release|Itanium.ActiveCfg = Release|Any CPU
		{DEEA16DD-80E1-4BA5-8127-03C0C4C1DF38}.Release|Mixed Platforms.ActiveCfg = Release|x86
		{DEEA16DD-80E1-4BA5-8127-03C0C4C1DF38}.Release|Mixed Platforms.Build.0 = Release|x86
		{DEEA16DD-80E1-4BA5-8127-03C0C4C1DF38}.Release|x64.ActiveCfg = Release|Any CPU
		{DEEA16DD-80E1-4BA5-8127-03C0C4C1DF38}.Release|x86.ActiveCfg = Release|Any CPU
		{1FE0EFB0-A853-42E5-A130-A5075401E4BE}.All|Any CPU.ActiveCfg = Release|Any CPU
		{1FE0EFB0-A853-42E5-A130-A5075401E4BE}.All|Any CPU.Build.0 = Release|Any CPU
		{1FE0EFB0-A853-42E5-A130-A5075401E4BE}.All|Itanium.ActiveCfg = Release|Any CPU
		{1FE0EFB0-A853-42E5-A130-A5075401E4BE}.All|Itanium.Build.0 = Release|Any CPU
		{1FE0EFB0-A853-42E5-A130-A5075401E4BE}.All|Mixed Platforms.ActiveCfg = Release|x86
		{1FE0EFB0-A853-42E5-A130-A5075401E4BE}.All|Mixed Platforms.Build.0 = Release|x86
		{1FE0EFB0-A853-42E5-A130-A5075401E4BE}.All|x64.ActiveCfg = Release|x64
		{1FE0EFB0-A853-42E5-A130-A5075401E4BE}.All|x64.Build.0 = Release|x64
		{1FE0EFB0-A853-42E5-A130-A5075401E4BE}.All|x86.ActiveCfg = Release|x86
		{1FE0EFB0-A853-42E5-A130-A5075401E4BE}.All|x86.Build.0 = Release|x86
		{1FE0EFB0-A853-42E5-A130-A5075401E4BE}.Debug|Any CPU.ActiveCfg = Debug|Any CPU
		{1FE0EFB0-A853-42E5-A130-A5075401E4BE}.Debug|Any CPU.Build.0 = Debug|Any CPU
		{1FE0EFB0-A853-42E5-A130-A5075401E4BE}.Debug|Itanium.ActiveCfg = Debug|Any CPU
		{1FE0EFB0-A853-42E5-A130-A5075401E4BE}.Debug|Itanium.Build.0 = Debug|Any CPU
		{1FE0EFB0-A853-42E5-A130-A5075401E4BE}.Debug|Mixed Platforms.ActiveCfg = Debug|x86
		{1FE0EFB0-A853-42E5-A130-A5075401E4BE}.Debug|Mixed Platforms.Build.0 = Debug|x86
		{1FE0EFB0-A853-42E5-A130-A5075401E4BE}.Debug|x64.ActiveCfg = Debug|x64
		{1FE0EFB0-A853-42E5-A130-A5075401E4BE}.Debug|x64.Build.0 = Debug|x64
		{1FE0EFB0-A853-42E5-A130-A5075401E4BE}.Debug|x86.ActiveCfg = Debug|x86
		{1FE0EFB0-A853-42E5-A130-A5075401E4BE}.Debug|x86.Build.0 = Debug|x86
		{1FE0EFB0-A853-42E5-A130-A5075401E4BE}.DefaultBuild|Any CPU.ActiveCfg = Debug|Any CPU
		{1FE0EFB0-A853-42E5-A130-A5075401E4BE}.DefaultBuild|Any CPU.Build.0 = Debug|Any CPU
		{1FE0EFB0-A853-42E5-A130-A5075401E4BE}.DefaultBuild|Itanium.ActiveCfg = Debug|Any CPU
		{1FE0EFB0-A853-42E5-A130-A5075401E4BE}.DefaultBuild|Itanium.Build.0 = Debug|Any CPU
		{1FE0EFB0-A853-42E5-A130-A5075401E4BE}.DefaultBuild|Mixed Platforms.ActiveCfg = Debug|x86
		{1FE0EFB0-A853-42E5-A130-A5075401E4BE}.DefaultBuild|Mixed Platforms.Build.0 = Debug|x86
		{1FE0EFB0-A853-42E5-A130-A5075401E4BE}.DefaultBuild|x64.ActiveCfg = Debug|x64
		{1FE0EFB0-A853-42E5-A130-A5075401E4BE}.DefaultBuild|x64.Build.0 = Debug|x64
		{1FE0EFB0-A853-42E5-A130-A5075401E4BE}.DefaultBuild|x86.ActiveCfg = Debug|x86
		{1FE0EFB0-A853-42E5-A130-A5075401E4BE}.DefaultBuild|x86.Build.0 = Debug|x86
		{1FE0EFB0-A853-42E5-A130-A5075401E4BE}.Release|Any CPU.ActiveCfg = Release|Any CPU
		{1FE0EFB0-A853-42E5-A130-A5075401E4BE}.Release|Any CPU.Build.0 = Release|Any CPU
		{1FE0EFB0-A853-42E5-A130-A5075401E4BE}.Release|Itanium.ActiveCfg = Release|Any CPU
		{1FE0EFB0-A853-42E5-A130-A5075401E4BE}.Release|Itanium.Build.0 = Release|Any CPU
		{1FE0EFB0-A853-42E5-A130-A5075401E4BE}.Release|Mixed Platforms.ActiveCfg = Release|x86
		{1FE0EFB0-A853-42E5-A130-A5075401E4BE}.Release|Mixed Platforms.Build.0 = Release|x86
		{1FE0EFB0-A853-42E5-A130-A5075401E4BE}.Release|x64.ActiveCfg = Release|x64
		{1FE0EFB0-A853-42E5-A130-A5075401E4BE}.Release|x64.Build.0 = Release|x64
		{1FE0EFB0-A853-42E5-A130-A5075401E4BE}.Release|x86.ActiveCfg = Release|x86
		{1FE0EFB0-A853-42E5-A130-A5075401E4BE}.Release|x86.Build.0 = Release|x86
		{08559CB9-A5D5-4EB7-928C-44AD8B9F9034}.All|Any CPU.ActiveCfg = Release|Any CPU
		{08559CB9-A5D5-4EB7-928C-44AD8B9F9034}.All|Any CPU.Build.0 = Release|Any CPU
		{08559CB9-A5D5-4EB7-928C-44AD8B9F9034}.All|Itanium.ActiveCfg = Release|Any CPU
		{08559CB9-A5D5-4EB7-928C-44AD8B9F9034}.All|Itanium.Build.0 = Release|Any CPU
		{08559CB9-A5D5-4EB7-928C-44AD8B9F9034}.All|Mixed Platforms.ActiveCfg = Release|x86
		{08559CB9-A5D5-4EB7-928C-44AD8B9F9034}.All|Mixed Platforms.Build.0 = Release|x86
		{08559CB9-A5D5-4EB7-928C-44AD8B9F9034}.All|x64.ActiveCfg = Release|x64
		{08559CB9-A5D5-4EB7-928C-44AD8B9F9034}.All|x64.Build.0 = Release|x64
		{08559CB9-A5D5-4EB7-928C-44AD8B9F9034}.All|x86.ActiveCfg = Release|x86
		{08559CB9-A5D5-4EB7-928C-44AD8B9F9034}.All|x86.Build.0 = Release|x86
		{08559CB9-A5D5-4EB7-928C-44AD8B9F9034}.Debug|Any CPU.ActiveCfg = Debug|Any CPU
		{08559CB9-A5D5-4EB7-928C-44AD8B9F9034}.Debug|Any CPU.Build.0 = Debug|Any CPU
		{08559CB9-A5D5-4EB7-928C-44AD8B9F9034}.Debug|Itanium.ActiveCfg = Debug|Any CPU
		{08559CB9-A5D5-4EB7-928C-44AD8B9F9034}.Debug|Itanium.Build.0 = Debug|Any CPU
		{08559CB9-A5D5-4EB7-928C-44AD8B9F9034}.Debug|Mixed Platforms.ActiveCfg = Debug|x86
		{08559CB9-A5D5-4EB7-928C-44AD8B9F9034}.Debug|Mixed Platforms.Build.0 = Debug|x86
		{08559CB9-A5D5-4EB7-928C-44AD8B9F9034}.Debug|x64.ActiveCfg = Debug|x64
		{08559CB9-A5D5-4EB7-928C-44AD8B9F9034}.Debug|x64.Build.0 = Debug|x64
		{08559CB9-A5D5-4EB7-928C-44AD8B9F9034}.Debug|x86.ActiveCfg = Debug|x86
		{08559CB9-A5D5-4EB7-928C-44AD8B9F9034}.Debug|x86.Build.0 = Debug|x86
		{08559CB9-A5D5-4EB7-928C-44AD8B9F9034}.DefaultBuild|Any CPU.ActiveCfg = Debug|Any CPU
		{08559CB9-A5D5-4EB7-928C-44AD8B9F9034}.DefaultBuild|Any CPU.Build.0 = Debug|Any CPU
		{08559CB9-A5D5-4EB7-928C-44AD8B9F9034}.DefaultBuild|Itanium.ActiveCfg = Debug|Any CPU
		{08559CB9-A5D5-4EB7-928C-44AD8B9F9034}.DefaultBuild|Itanium.Build.0 = Debug|Any CPU
		{08559CB9-A5D5-4EB7-928C-44AD8B9F9034}.DefaultBuild|Mixed Platforms.ActiveCfg = Debug|x86
		{08559CB9-A5D5-4EB7-928C-44AD8B9F9034}.DefaultBuild|Mixed Platforms.Build.0 = Debug|x86
		{08559CB9-A5D5-4EB7-928C-44AD8B9F9034}.DefaultBuild|x64.ActiveCfg = Debug|x64
		{08559CB9-A5D5-4EB7-928C-44AD8B9F9034}.DefaultBuild|x64.Build.0 = Debug|x64
		{08559CB9-A5D5-4EB7-928C-44AD8B9F9034}.DefaultBuild|x86.ActiveCfg = Debug|x86
		{08559CB9-A5D5-4EB7-928C-44AD8B9F9034}.DefaultBuild|x86.Build.0 = Debug|x86
		{08559CB9-A5D5-4EB7-928C-44AD8B9F9034}.Release|Any CPU.ActiveCfg = Release|Any CPU
		{08559CB9-A5D5-4EB7-928C-44AD8B9F9034}.Release|Any CPU.Build.0 = Release|Any CPU
		{08559CB9-A5D5-4EB7-928C-44AD8B9F9034}.Release|Itanium.ActiveCfg = Release|Any CPU
		{08559CB9-A5D5-4EB7-928C-44AD8B9F9034}.Release|Itanium.Build.0 = Release|Any CPU
		{08559CB9-A5D5-4EB7-928C-44AD8B9F9034}.Release|Mixed Platforms.ActiveCfg = Release|x86
		{08559CB9-A5D5-4EB7-928C-44AD8B9F9034}.Release|Mixed Platforms.Build.0 = Release|x86
		{08559CB9-A5D5-4EB7-928C-44AD8B9F9034}.Release|x64.ActiveCfg = Release|x64
		{08559CB9-A5D5-4EB7-928C-44AD8B9F9034}.Release|x64.Build.0 = Release|x64
		{08559CB9-A5D5-4EB7-928C-44AD8B9F9034}.Release|x86.ActiveCfg = Release|x86
		{08559CB9-A5D5-4EB7-928C-44AD8B9F9034}.Release|x86.Build.0 = Release|x86
		{9A25DFD1-063A-4D34-A7F1-6B9FC68E257A}.All|Any CPU.ActiveCfg = Release|Any CPU
		{9A25DFD1-063A-4D34-A7F1-6B9FC68E257A}.All|Any CPU.Build.0 = Release|Any CPU
		{9A25DFD1-063A-4D34-A7F1-6B9FC68E257A}.All|Itanium.ActiveCfg = Release|Any CPU
		{9A25DFD1-063A-4D34-A7F1-6B9FC68E257A}.All|Itanium.Build.0 = Release|Any CPU
		{9A25DFD1-063A-4D34-A7F1-6B9FC68E257A}.All|Mixed Platforms.ActiveCfg = Release|x86
		{9A25DFD1-063A-4D34-A7F1-6B9FC68E257A}.All|Mixed Platforms.Build.0 = Release|x86
		{9A25DFD1-063A-4D34-A7F1-6B9FC68E257A}.All|x64.ActiveCfg = Release|x64
		{9A25DFD1-063A-4D34-A7F1-6B9FC68E257A}.All|x64.Build.0 = Release|x64
		{9A25DFD1-063A-4D34-A7F1-6B9FC68E257A}.All|x86.ActiveCfg = Release|x86
		{9A25DFD1-063A-4D34-A7F1-6B9FC68E257A}.All|x86.Build.0 = Release|x86
		{9A25DFD1-063A-4D34-A7F1-6B9FC68E257A}.Debug|Any CPU.ActiveCfg = Debug|Any CPU
		{9A25DFD1-063A-4D34-A7F1-6B9FC68E257A}.Debug|Any CPU.Build.0 = Debug|Any CPU
		{9A25DFD1-063A-4D34-A7F1-6B9FC68E257A}.Debug|Itanium.ActiveCfg = Debug|Any CPU
		{9A25DFD1-063A-4D34-A7F1-6B9FC68E257A}.Debug|Itanium.Build.0 = Debug|Any CPU
		{9A25DFD1-063A-4D34-A7F1-6B9FC68E257A}.Debug|Mixed Platforms.ActiveCfg = Debug|x86
		{9A25DFD1-063A-4D34-A7F1-6B9FC68E257A}.Debug|Mixed Platforms.Build.0 = Debug|x86
		{9A25DFD1-063A-4D34-A7F1-6B9FC68E257A}.Debug|x64.ActiveCfg = Debug|x64
		{9A25DFD1-063A-4D34-A7F1-6B9FC68E257A}.Debug|x64.Build.0 = Debug|x64
		{9A25DFD1-063A-4D34-A7F1-6B9FC68E257A}.Debug|x86.ActiveCfg = Debug|x86
		{9A25DFD1-063A-4D34-A7F1-6B9FC68E257A}.Debug|x86.Build.0 = Debug|x86
		{9A25DFD1-063A-4D34-A7F1-6B9FC68E257A}.DefaultBuild|Any CPU.ActiveCfg = Debug|Any CPU
		{9A25DFD1-063A-4D34-A7F1-6B9FC68E257A}.DefaultBuild|Any CPU.Build.0 = Debug|Any CPU
		{9A25DFD1-063A-4D34-A7F1-6B9FC68E257A}.DefaultBuild|Itanium.ActiveCfg = Debug|Any CPU
		{9A25DFD1-063A-4D34-A7F1-6B9FC68E257A}.DefaultBuild|Itanium.Build.0 = Debug|Any CPU
		{9A25DFD1-063A-4D34-A7F1-6B9FC68E257A}.DefaultBuild|Mixed Platforms.ActiveCfg = Debug|x86
		{9A25DFD1-063A-4D34-A7F1-6B9FC68E257A}.DefaultBuild|Mixed Platforms.Build.0 = Debug|x86
		{9A25DFD1-063A-4D34-A7F1-6B9FC68E257A}.DefaultBuild|x64.ActiveCfg = Debug|x64
		{9A25DFD1-063A-4D34-A7F1-6B9FC68E257A}.DefaultBuild|x64.Build.0 = Debug|x64
		{9A25DFD1-063A-4D34-A7F1-6B9FC68E257A}.DefaultBuild|x86.ActiveCfg = Debug|x86
		{9A25DFD1-063A-4D34-A7F1-6B9FC68E257A}.DefaultBuild|x86.Build.0 = Debug|x86
		{9A25DFD1-063A-4D34-A7F1-6B9FC68E257A}.Release|Any CPU.ActiveCfg = Release|Any CPU
		{9A25DFD1-063A-4D34-A7F1-6B9FC68E257A}.Release|Any CPU.Build.0 = Release|Any CPU
		{9A25DFD1-063A-4D34-A7F1-6B9FC68E257A}.Release|Itanium.ActiveCfg = Release|Any CPU
		{9A25DFD1-063A-4D34-A7F1-6B9FC68E257A}.Release|Itanium.Build.0 = Release|Any CPU
		{9A25DFD1-063A-4D34-A7F1-6B9FC68E257A}.Release|Mixed Platforms.ActiveCfg = Release|x86
		{9A25DFD1-063A-4D34-A7F1-6B9FC68E257A}.Release|Mixed Platforms.Build.0 = Release|x86
		{9A25DFD1-063A-4D34-A7F1-6B9FC68E257A}.Release|x64.ActiveCfg = Release|x64
		{9A25DFD1-063A-4D34-A7F1-6B9FC68E257A}.Release|x64.Build.0 = Release|x64
		{9A25DFD1-063A-4D34-A7F1-6B9FC68E257A}.Release|x86.ActiveCfg = Release|x86
		{9A25DFD1-063A-4D34-A7F1-6B9FC68E257A}.Release|x86.Build.0 = Release|x86
		{40FB4E99-9A7F-44B9-868F-A9F8D1FCCFEA}.All|Any CPU.ActiveCfg = Release|Any CPU
		{40FB4E99-9A7F-44B9-868F-A9F8D1FCCFEA}.All|Any CPU.Build.0 = Release|Any CPU
		{40FB4E99-9A7F-44B9-868F-A9F8D1FCCFEA}.All|Itanium.ActiveCfg = Release|Any CPU
		{40FB4E99-9A7F-44B9-868F-A9F8D1FCCFEA}.All|Itanium.Build.0 = Release|Any CPU
		{40FB4E99-9A7F-44B9-868F-A9F8D1FCCFEA}.All|Mixed Platforms.ActiveCfg = Release|x86
		{40FB4E99-9A7F-44B9-868F-A9F8D1FCCFEA}.All|Mixed Platforms.Build.0 = Release|x86
		{40FB4E99-9A7F-44B9-868F-A9F8D1FCCFEA}.All|x64.ActiveCfg = Release|x64
		{40FB4E99-9A7F-44B9-868F-A9F8D1FCCFEA}.All|x64.Build.0 = Release|x64
		{40FB4E99-9A7F-44B9-868F-A9F8D1FCCFEA}.All|x86.ActiveCfg = Release|x86
		{40FB4E99-9A7F-44B9-868F-A9F8D1FCCFEA}.All|x86.Build.0 = Release|x86
		{40FB4E99-9A7F-44B9-868F-A9F8D1FCCFEA}.Debug|Any CPU.ActiveCfg = Debug|Any CPU
		{40FB4E99-9A7F-44B9-868F-A9F8D1FCCFEA}.Debug|Any CPU.Build.0 = Debug|Any CPU
		{40FB4E99-9A7F-44B9-868F-A9F8D1FCCFEA}.Debug|Itanium.ActiveCfg = Debug|Any CPU
		{40FB4E99-9A7F-44B9-868F-A9F8D1FCCFEA}.Debug|Itanium.Build.0 = Debug|Any CPU
		{40FB4E99-9A7F-44B9-868F-A9F8D1FCCFEA}.Debug|Mixed Platforms.ActiveCfg = Debug|x86
		{40FB4E99-9A7F-44B9-868F-A9F8D1FCCFEA}.Debug|Mixed Platforms.Build.0 = Debug|x86
		{40FB4E99-9A7F-44B9-868F-A9F8D1FCCFEA}.Debug|x64.ActiveCfg = Debug|x64
		{40FB4E99-9A7F-44B9-868F-A9F8D1FCCFEA}.Debug|x64.Build.0 = Debug|x64
		{40FB4E99-9A7F-44B9-868F-A9F8D1FCCFEA}.Debug|x86.ActiveCfg = Debug|x86
		{40FB4E99-9A7F-44B9-868F-A9F8D1FCCFEA}.Debug|x86.Build.0 = Debug|x86
		{40FB4E99-9A7F-44B9-868F-A9F8D1FCCFEA}.DefaultBuild|Any CPU.ActiveCfg = Debug|Any CPU
		{40FB4E99-9A7F-44B9-868F-A9F8D1FCCFEA}.DefaultBuild|Any CPU.Build.0 = Debug|Any CPU
		{40FB4E99-9A7F-44B9-868F-A9F8D1FCCFEA}.DefaultBuild|Itanium.ActiveCfg = Debug|Any CPU
		{40FB4E99-9A7F-44B9-868F-A9F8D1FCCFEA}.DefaultBuild|Itanium.Build.0 = Debug|Any CPU
		{40FB4E99-9A7F-44B9-868F-A9F8D1FCCFEA}.DefaultBuild|Mixed Platforms.ActiveCfg = Debug|x86
		{40FB4E99-9A7F-44B9-868F-A9F8D1FCCFEA}.DefaultBuild|Mixed Platforms.Build.0 = Debug|x86
		{40FB4E99-9A7F-44B9-868F-A9F8D1FCCFEA}.DefaultBuild|x64.ActiveCfg = Debug|x64
		{40FB4E99-9A7F-44B9-868F-A9F8D1FCCFEA}.DefaultBuild|x64.Build.0 = Debug|x64
		{40FB4E99-9A7F-44B9-868F-A9F8D1FCCFEA}.DefaultBuild|x86.ActiveCfg = Debug|x86
		{40FB4E99-9A7F-44B9-868F-A9F8D1FCCFEA}.DefaultBuild|x86.Build.0 = Debug|x86
		{40FB4E99-9A7F-44B9-868F-A9F8D1FCCFEA}.Release|Any CPU.ActiveCfg = Release|Any CPU
		{40FB4E99-9A7F-44B9-868F-A9F8D1FCCFEA}.Release|Any CPU.Build.0 = Release|Any CPU
		{40FB4E99-9A7F-44B9-868F-A9F8D1FCCFEA}.Release|Itanium.ActiveCfg = Release|Any CPU
		{40FB4E99-9A7F-44B9-868F-A9F8D1FCCFEA}.Release|Itanium.Build.0 = Release|Any CPU
		{40FB4E99-9A7F-44B9-868F-A9F8D1FCCFEA}.Release|Mixed Platforms.ActiveCfg = Release|x86
		{40FB4E99-9A7F-44B9-868F-A9F8D1FCCFEA}.Release|Mixed Platforms.Build.0 = Release|x86
		{40FB4E99-9A7F-44B9-868F-A9F8D1FCCFEA}.Release|x64.ActiveCfg = Release|x64
		{40FB4E99-9A7F-44B9-868F-A9F8D1FCCFEA}.Release|x64.Build.0 = Release|x64
		{40FB4E99-9A7F-44B9-868F-A9F8D1FCCFEA}.Release|x86.ActiveCfg = Release|x86
		{40FB4E99-9A7F-44B9-868F-A9F8D1FCCFEA}.Release|x86.Build.0 = Release|x86
		{B4CB63B0-C6A8-415B-9D99-C212BEDFA4A1}.All|Any CPU.ActiveCfg = Release|Any CPU
		{B4CB63B0-C6A8-415B-9D99-C212BEDFA4A1}.All|Any CPU.Build.0 = Release|Any CPU
		{B4CB63B0-C6A8-415B-9D99-C212BEDFA4A1}.All|Itanium.ActiveCfg = Release|Itanium
		{B4CB63B0-C6A8-415B-9D99-C212BEDFA4A1}.All|Itanium.Build.0 = Release|Itanium
		{B4CB63B0-C6A8-415B-9D99-C212BEDFA4A1}.All|Mixed Platforms.ActiveCfg = Release|x86
		{B4CB63B0-C6A8-415B-9D99-C212BEDFA4A1}.All|Mixed Platforms.Build.0 = Release|x86
		{B4CB63B0-C6A8-415B-9D99-C212BEDFA4A1}.All|x64.ActiveCfg = Release|x64
		{B4CB63B0-C6A8-415B-9D99-C212BEDFA4A1}.All|x64.Build.0 = Release|x64
		{B4CB63B0-C6A8-415B-9D99-C212BEDFA4A1}.All|x86.ActiveCfg = Release|x86
		{B4CB63B0-C6A8-415B-9D99-C212BEDFA4A1}.All|x86.Build.0 = Release|x86
		{B4CB63B0-C6A8-415B-9D99-C212BEDFA4A1}.Debug|Any CPU.ActiveCfg = Debug|Any CPU
		{B4CB63B0-C6A8-415B-9D99-C212BEDFA4A1}.Debug|Any CPU.Build.0 = Debug|Any CPU
		{B4CB63B0-C6A8-415B-9D99-C212BEDFA4A1}.Debug|Itanium.ActiveCfg = Debug|Itanium
		{B4CB63B0-C6A8-415B-9D99-C212BEDFA4A1}.Debug|Itanium.Build.0 = Debug|Itanium
		{B4CB63B0-C6A8-415B-9D99-C212BEDFA4A1}.Debug|Mixed Platforms.ActiveCfg = Debug|x86
		{B4CB63B0-C6A8-415B-9D99-C212BEDFA4A1}.Debug|Mixed Platforms.Build.0 = Debug|x86
		{B4CB63B0-C6A8-415B-9D99-C212BEDFA4A1}.Debug|x64.ActiveCfg = Debug|x64
		{B4CB63B0-C6A8-415B-9D99-C212BEDFA4A1}.Debug|x64.Build.0 = Debug|x64
		{B4CB63B0-C6A8-415B-9D99-C212BEDFA4A1}.Debug|x86.ActiveCfg = Debug|x86
		{B4CB63B0-C6A8-415B-9D99-C212BEDFA4A1}.Debug|x86.Build.0 = Debug|x86
		{B4CB63B0-C6A8-415B-9D99-C212BEDFA4A1}.DefaultBuild|Any CPU.ActiveCfg = Debug|Any CPU
		{B4CB63B0-C6A8-415B-9D99-C212BEDFA4A1}.DefaultBuild|Any CPU.Build.0 = Debug|Any CPU
		{B4CB63B0-C6A8-415B-9D99-C212BEDFA4A1}.DefaultBuild|Itanium.ActiveCfg = Debug|Itanium
		{B4CB63B0-C6A8-415B-9D99-C212BEDFA4A1}.DefaultBuild|Itanium.Build.0 = Debug|Itanium
		{B4CB63B0-C6A8-415B-9D99-C212BEDFA4A1}.DefaultBuild|Mixed Platforms.ActiveCfg = Debug|x86
		{B4CB63B0-C6A8-415B-9D99-C212BEDFA4A1}.DefaultBuild|Mixed Platforms.Build.0 = Debug|x86
		{B4CB63B0-C6A8-415B-9D99-C212BEDFA4A1}.DefaultBuild|x64.ActiveCfg = Debug|x64
		{B4CB63B0-C6A8-415B-9D99-C212BEDFA4A1}.DefaultBuild|x64.Build.0 = Debug|x64
		{B4CB63B0-C6A8-415B-9D99-C212BEDFA4A1}.DefaultBuild|x86.ActiveCfg = Debug|x86
		{B4CB63B0-C6A8-415B-9D99-C212BEDFA4A1}.DefaultBuild|x86.Build.0 = Debug|x86
		{B4CB63B0-C6A8-415B-9D99-C212BEDFA4A1}.Release|Any CPU.ActiveCfg = Release|Any CPU
		{B4CB63B0-C6A8-415B-9D99-C212BEDFA4A1}.Release|Any CPU.Build.0 = Release|Any CPU
		{B4CB63B0-C6A8-415B-9D99-C212BEDFA4A1}.Release|Itanium.ActiveCfg = Release|Itanium
		{B4CB63B0-C6A8-415B-9D99-C212BEDFA4A1}.Release|Itanium.Build.0 = Release|Itanium
		{B4CB63B0-C6A8-415B-9D99-C212BEDFA4A1}.Release|Mixed Platforms.ActiveCfg = Release|x86
		{B4CB63B0-C6A8-415B-9D99-C212BEDFA4A1}.Release|Mixed Platforms.Build.0 = Release|x86
		{B4CB63B0-C6A8-415B-9D99-C212BEDFA4A1}.Release|x64.ActiveCfg = Release|x64
		{B4CB63B0-C6A8-415B-9D99-C212BEDFA4A1}.Release|x64.Build.0 = Release|x64
		{B4CB63B0-C6A8-415B-9D99-C212BEDFA4A1}.Release|x86.ActiveCfg = Release|x86
		{B4CB63B0-C6A8-415B-9D99-C212BEDFA4A1}.Release|x86.Build.0 = Release|x86
		{76294F28-A17D-486B-879F-A066E405F963}.All|Any CPU.ActiveCfg = Release|Any CPU
		{76294F28-A17D-486B-879F-A066E405F963}.All|Any CPU.Build.0 = Release|Any CPU
		{76294F28-A17D-486B-879F-A066E405F963}.All|Itanium.ActiveCfg = Release|Any CPU
		{76294F28-A17D-486B-879F-A066E405F963}.All|Itanium.Build.0 = Release|Any CPU
		{76294F28-A17D-486B-879F-A066E405F963}.All|Mixed Platforms.ActiveCfg = Release|x86
		{76294F28-A17D-486B-879F-A066E405F963}.All|Mixed Platforms.Build.0 = Release|x86
		{76294F28-A17D-486B-879F-A066E405F963}.All|x64.ActiveCfg = Release|x64
		{76294F28-A17D-486B-879F-A066E405F963}.All|x64.Build.0 = Release|x64
		{76294F28-A17D-486B-879F-A066E405F963}.All|x86.ActiveCfg = Release|x86
		{76294F28-A17D-486B-879F-A066E405F963}.All|x86.Build.0 = Release|x86
		{76294F28-A17D-486B-879F-A066E405F963}.Debug|Any CPU.ActiveCfg = Debug|Any CPU
		{76294F28-A17D-486B-879F-A066E405F963}.Debug|Any CPU.Build.0 = Debug|Any CPU
		{76294F28-A17D-486B-879F-A066E405F963}.Debug|Itanium.ActiveCfg = Debug|Any CPU
		{76294F28-A17D-486B-879F-A066E405F963}.Debug|Itanium.Build.0 = Debug|Any CPU
		{76294F28-A17D-486B-879F-A066E405F963}.Debug|Mixed Platforms.ActiveCfg = Debug|x86
		{76294F28-A17D-486B-879F-A066E405F963}.Debug|Mixed Platforms.Build.0 = Debug|x86
		{76294F28-A17D-486B-879F-A066E405F963}.Debug|x64.ActiveCfg = Debug|x64
		{76294F28-A17D-486B-879F-A066E405F963}.Debug|x64.Build.0 = Debug|x64
		{76294F28-A17D-486B-879F-A066E405F963}.Debug|x86.ActiveCfg = Debug|x86
		{76294F28-A17D-486B-879F-A066E405F963}.Debug|x86.Build.0 = Debug|x86
		{76294F28-A17D-486B-879F-A066E405F963}.DefaultBuild|Any CPU.ActiveCfg = Debug|Any CPU
		{76294F28-A17D-486B-879F-A066E405F963}.DefaultBuild|Itanium.ActiveCfg = Debug|Any CPU
		{76294F28-A17D-486B-879F-A066E405F963}.DefaultBuild|Mixed Platforms.ActiveCfg = Debug|x86
		{76294F28-A17D-486B-879F-A066E405F963}.DefaultBuild|x64.ActiveCfg = Debug|x64
		{76294F28-A17D-486B-879F-A066E405F963}.DefaultBuild|x86.ActiveCfg = Debug|x86
		{76294F28-A17D-486B-879F-A066E405F963}.Release|Any CPU.ActiveCfg = Release|Any CPU
		{76294F28-A17D-486B-879F-A066E405F963}.Release|Any CPU.Build.0 = Release|Any CPU
		{76294F28-A17D-486B-879F-A066E405F963}.Release|Itanium.ActiveCfg = Release|Any CPU
		{76294F28-A17D-486B-879F-A066E405F963}.Release|Itanium.Build.0 = Release|Any CPU
		{76294F28-A17D-486B-879F-A066E405F963}.Release|Mixed Platforms.ActiveCfg = Release|x86
		{76294F28-A17D-486B-879F-A066E405F963}.Release|Mixed Platforms.Build.0 = Release|x86
		{76294F28-A17D-486B-879F-A066E405F963}.Release|x64.ActiveCfg = Release|x64
		{76294F28-A17D-486B-879F-A066E405F963}.Release|x64.Build.0 = Release|x64
		{76294F28-A17D-486B-879F-A066E405F963}.Release|x86.ActiveCfg = Release|x86
		{76294F28-A17D-486B-879F-A066E405F963}.Release|x86.Build.0 = Release|x86
		{775A7581-786B-4B5B-B83E-2BBB3E83C606}.All|Any CPU.ActiveCfg = DefaultBuild
		{775A7581-786B-4B5B-B83E-2BBB3E83C606}.All|Any CPU.Build.0 = DefaultBuild
		{775A7581-786B-4B5B-B83E-2BBB3E83C606}.All|Itanium.ActiveCfg = DefaultBuild
		{775A7581-786B-4B5B-B83E-2BBB3E83C606}.All|Itanium.Build.0 = DefaultBuild
		{775A7581-786B-4B5B-B83E-2BBB3E83C606}.All|Mixed Platforms.ActiveCfg = DefaultBuild
		{775A7581-786B-4B5B-B83E-2BBB3E83C606}.All|Mixed Platforms.Build.0 = DefaultBuild
		{775A7581-786B-4B5B-B83E-2BBB3E83C606}.All|x64.ActiveCfg = DefaultBuild
		{775A7581-786B-4B5B-B83E-2BBB3E83C606}.All|x64.Build.0 = DefaultBuild
		{775A7581-786B-4B5B-B83E-2BBB3E83C606}.All|x86.ActiveCfg = DefaultBuild
		{775A7581-786B-4B5B-B83E-2BBB3E83C606}.All|x86.Build.0 = DefaultBuild
		{775A7581-786B-4B5B-B83E-2BBB3E83C606}.Debug|Any CPU.ActiveCfg = DefaultBuild
		{775A7581-786B-4B5B-B83E-2BBB3E83C606}.Debug|Any CPU.Build.0 = DefaultBuild
		{775A7581-786B-4B5B-B83E-2BBB3E83C606}.Debug|Itanium.ActiveCfg = DefaultBuild
		{775A7581-786B-4B5B-B83E-2BBB3E83C606}.Debug|Itanium.Build.0 = DefaultBuild
		{775A7581-786B-4B5B-B83E-2BBB3E83C606}.Debug|Mixed Platforms.ActiveCfg = DefaultBuild
		{775A7581-786B-4B5B-B83E-2BBB3E83C606}.Debug|Mixed Platforms.Build.0 = DefaultBuild
		{775A7581-786B-4B5B-B83E-2BBB3E83C606}.Debug|x64.ActiveCfg = DefaultBuild
		{775A7581-786B-4B5B-B83E-2BBB3E83C606}.Debug|x64.Build.0 = DefaultBuild
		{775A7581-786B-4B5B-B83E-2BBB3E83C606}.Debug|x86.ActiveCfg = DefaultBuild
		{775A7581-786B-4B5B-B83E-2BBB3E83C606}.DefaultBuild|Any CPU.ActiveCfg = DefaultBuild
		{775A7581-786B-4B5B-B83E-2BBB3E83C606}.DefaultBuild|Any CPU.Build.0 = DefaultBuild
		{775A7581-786B-4B5B-B83E-2BBB3E83C606}.DefaultBuild|Itanium.ActiveCfg = DefaultBuild
		{775A7581-786B-4B5B-B83E-2BBB3E83C606}.DefaultBuild|Itanium.Build.0 = DefaultBuild
		{775A7581-786B-4B5B-B83E-2BBB3E83C606}.DefaultBuild|Mixed Platforms.ActiveCfg = DefaultBuild
		{775A7581-786B-4B5B-B83E-2BBB3E83C606}.DefaultBuild|Mixed Platforms.Build.0 = DefaultBuild
		{775A7581-786B-4B5B-B83E-2BBB3E83C606}.DefaultBuild|x64.ActiveCfg = DefaultBuild
		{775A7581-786B-4B5B-B83E-2BBB3E83C606}.DefaultBuild|x64.Build.0 = DefaultBuild
		{775A7581-786B-4B5B-B83E-2BBB3E83C606}.DefaultBuild|x86.ActiveCfg = DefaultBuild
		{775A7581-786B-4B5B-B83E-2BBB3E83C606}.DefaultBuild|x86.Build.0 = DefaultBuild
		{775A7581-786B-4B5B-B83E-2BBB3E83C606}.Release|Any CPU.ActiveCfg = DefaultBuild
		{775A7581-786B-4B5B-B83E-2BBB3E83C606}.Release|Any CPU.Build.0 = DefaultBuild
		{775A7581-786B-4B5B-B83E-2BBB3E83C606}.Release|Itanium.ActiveCfg = DefaultBuild
		{775A7581-786B-4B5B-B83E-2BBB3E83C606}.Release|Itanium.Build.0 = DefaultBuild
		{775A7581-786B-4B5B-B83E-2BBB3E83C606}.Release|Mixed Platforms.ActiveCfg = DefaultBuild
		{775A7581-786B-4B5B-B83E-2BBB3E83C606}.Release|Mixed Platforms.Build.0 = DefaultBuild
		{775A7581-786B-4B5B-B83E-2BBB3E83C606}.Release|x64.ActiveCfg = DefaultBuild
		{775A7581-786B-4B5B-B83E-2BBB3E83C606}.Release|x64.Build.0 = DefaultBuild
		{775A7581-786B-4B5B-B83E-2BBB3E83C606}.Release|x86.ActiveCfg = DefaultBuild
		{775A7581-786B-4B5B-B83E-2BBB3E83C606}.Release|x86.Build.0 = DefaultBuild
	EndGlobalSection
	GlobalSection(SolutionProperties) = preSolution
		HideSolutionNode = FALSE
	EndGlobalSection
	GlobalSection(TeamFoundationVersionControl) = preSolution
		SccNumberOfProjects = 9
		SccEnterpriseProvider = {4CA58AB2-18FA-4F8D-95D4-32DDF27D184C}
		SccTeamFoundationServer = https://cagakmelon.visualstudio.com/
		SccLocalPath0 = .
		SccProjectUniqueName1 = ..\\..\\Components\\AKLib\\AKLib.vbproj
		SccProjectName1 = ../../Components/AKLib
		SccLocalPath1 = ..\\..\\Components\\AKLib
		SccProjectUniqueName2 = ..\\..\\Components\\AppUpdater\\AppUpdater.vbproj
		SccProjectName2 = ../../Components/AppUpdater
		SccLocalPath2 = ..\\..\\Components\\AppUpdater
		SccProjectUniqueName3 = ..\\..\\Components\\LibSQL\\LibSQL.vbproj
		SccProjectName3 = ../../Components/LibSQL
		SccLocalPath3 = ..\\..\\Components\\LibSQL
		SccProjectUniqueName4 = ..\\..\\..\\..\\CMC\\CMC\\CMCc\\CMCc.csproj
		SccProjectName4 = ../../../../CMC/CMC/CMCc
		SccLocalPath4 = ..\\..\\..\\..\\CMC\\CMC\\CMCc
		SccProjectUniqueName5 = ..\\..\\..\\..\\CMC\\CMC\\CMCv\\CMCv.vbproj
		SccProjectName5 = ../../../../CMC/CMC/CMCv
		SccLocalPath5 = ..\\..\\..\\..\\CMC\\CMC\\CMCv
		SccProjectUniqueName6 = ..\\..\\..\\..\\Connect\\Apps\\Connect\\Connect\\Connect.vbproj
		SccProjectName6 = ../../../../Connect/Apps/Connect/Connect
		SccLocalPath6 = ..\\..\\..\\..\\Connect\\Apps\\Connect\\Connect
		SccProjectUniqueName7 = Ingrid.vbproj
		SccLocalPath7 = .
		SccProjectUniqueName8 = ..\\..\\Setup\\Ingrid\u0020Setup\u00202.x\\Ingrid\u0020Setup\u00202.x\\Ingrid\u0020Setup\u00202.10.aiproj
		SccProjectName8 = ../../Setup/Ingrid\u0020Setup\u00202.x/Ingrid\u0020Setup\u00202.x
		SccLocalPath8 = ..\\..\\Setup\\Ingrid\u0020Setup\u00202.x\\Ingrid\u0020Setup\u00202.x
	EndGlobalSection
EndGlobal
